
Microsoft Visual Studio Solution File, Format Version 12.00
# Visual Studio 15
VisualStudioVersion = 15.0.28307.168
MinimumVisualStudioVersion = 10.0.40219.1
Project("{FAE04EC0-301F-11D3-BF4B-00C04F79EFBC}") = "c0726115g", "c0726115g\c0726115g.csproj", "{B7E8265D-A410-4AD8-A870-34E32AF76878}"
EndProject
Global
	GlobalSection(SolutionConfigurationPlatforms) = preSolution
		Debug|Any CPU = Debug|Any CPU
		Release|Any CPU = Release|Any CPU
	EndGlobalSection
	GlobalSection(ProjectConfigurationPlatforms) = postSolution
		{B7E8265D-A410-4AD8-A870-34E32AF76878}.Debug|Any CPU.ActiveCfg = Debug|Any CPU
		{B7E8265D-A410-4AD8-A870-34E32AF76878}.Debug|Any CPU.Build.0 = Debug|Any CPU
		{B7E8265D-A410-4AD8-A870-34E32AF76878}.Release|Any CPU.ActiveCfg = Release|Any CPU
		{B7E8265D-A410-4AD8-A870-34E32AF76878}.Release|Any CPU.Build.0 = Release|Any CPU
	EndGlobalSection
	GlobalSection(SolutionProperties) = preSolution
		HideSolutionNode = FALSE
	EndGlobalSection
	GlobalSection(ExtensibilityGlobals) = postSolution
		SolutionGuid = {8E81EC74-5862-4647-912C-F88B6EF415D7}
	EndGlobalSection
EndGlobal
